# This file is automatically @generated by Cargo.
# It is not intended for manual editing.
[[package]]
name = "arbitrary"
version = "0.4.6"
source = "registry+https://github.com/rust-lang/crates.io-index"
checksum = "0922a3e746b5a44e111e5603feb6704e5cc959116f66737f50bb5cbd264e9d87"

[[package]]
name = "build_const"
version = "0.2.1"
source = "registry+https://github.com/rust-lang/crates.io-index"
checksum = "39092a32794787acd8525ee150305ff051b0aa6cc2abaf193924f5ab05425f39"

[[package]]
name = "cc"
version = "1.0.59"
source = "registry+https://github.com/rust-lang/crates.io-index"
checksum = "66120af515773fb005778dc07c261bd201ec8ce50bd6e7144c927753fe013381"

[[package]]
name = "crc"
version = "1.7.0"
source = "registry+https://github.com/rust-lang/crates.io-index"
checksum = "bd5d02c0aac6bd68393ed69e00bbc2457f3e89075c6349db7189618dc4ddc1d7"
dependencies = [
 "build_const",
]

[[package]]
name = "der-parser"
version = "0.5.5"
source = "registry+https://github.com/rust-lang/crates.io-index"
checksum = "1ad00638c52a2bd4690576f07c1f3a1f07659b264d9c61933823bc3e644294ad"
dependencies = [
 "nom",
 "rusticata-macros",
]

[[package]]
name = "ipsec-parser"
version = "0.3.0"
source = "registry+https://github.com/rust-lang/crates.io-index"
checksum = "6560183a6d7628cc71f0bdb7a4354d0fd7465a88d9809ff09f473569b8c20175"
dependencies = [
 "nom",
 "rusticata-macros",
]

[[package]]
name = "kerberos-parser"
version = "0.1.4"
source = "registry+https://github.com/rust-lang/crates.io-index"
checksum = "9f59e0e76e92bb513b8573c706afe1f0173e628900c418eda5bb7db8f93a755e"
dependencies = [
 "der-parser",
 "nom",
 "rusticata-macros",
]

[[package]]
name = "libc"
version = "0.2.76"
source = "registry+https://github.com/rust-lang/crates.io-index"
checksum = "755456fae044e6fa1ebbbd1b3e902ae19e73097ed4ed87bb79934a867c007bc3"

[[package]]
name = "libfuzzer-sys"
version = "0.3.4"
source = "registry+https://github.com/rust-lang/crates.io-index"
checksum = "ee8c42ab62f43795ed77a965ed07994c5584cdc94fd0ebf14b22ac1524077acc"
dependencies = [
 "arbitrary",
 "cc",
]

[[package]]
name = "memchr"
version = "1.0.2"
source = "registry+https://github.com/rust-lang/crates.io-index"
checksum = "148fab2e51b4f1cfc66da2a7c32981d1d3c083a803978268bb11fe4b86925e7a"
dependencies = [
 "libc",
]

[[package]]
name = "nom"
version = "3.2.1"
source = "registry+https://github.com/rust-lang/crates.io-index"
checksum = "05aec50c70fd288702bcd93284a8444607f3292dbdf2a30de5ea5dcdbe72287b"
dependencies = [
 "memchr",
]

[[package]]
name = "ntp-parser"
version = "0.2.1"
source = "registry+https://github.com/rust-lang/crates.io-index"
checksum = "31fd1cda63c0830ca59b78fe3f95f919c0f85244be96c3a3baec5690e9045b3f"
dependencies = [
 "nom",
]

[[package]]
name = "rusticata-macros"
version = "0.4.1"
source = "registry+https://github.com/rust-lang/crates.io-index"
checksum = "922004ce5797f15d259e72c0b534eb4d8d2332c92237a9890c24a8437a45b243"
dependencies = [
 "nom",
]

[[package]]
name = "suricata"
version = "4.1.7-fmtp"
dependencies = [
 "crc",
 "der-parser",
 "ipsec-parser",
 "kerberos-parser",
 "libc",
 "nom",
 "ntp-parser",
]

[[package]]
name = "suricata-fuzz"
version = "0.0.0"
dependencies = [
 "libfuzzer-sys",
 "suricata",
]
